
Microsoft Visual Studio Solution File, Format Version 12.00
# Visual Studio Version 17
VisualStudioVersion = 17.5.33530.505
MinimumVisualStudioVersion = 10.0.40219.1
Project("{FAE04EC0-301F-11D3-BF4B-00C04F79EFBC}") = "CurrencyConverterAPI", "CurrencyConverterAPI.csproj", "{34405DB8-E079-4374-A837-2465D2B4556E}"
EndProject
Project("{FAE04EC0-301F-11D3-BF4B-00C04F79EFBC}") = "CurrencyConverterAPITest", "..\CurrencyConverterAPITest\CurrencyConverterAPITest.csproj", "{3B612D47-58DC-444A-99DF-47BA04006496}"
EndProject
Global
	GlobalSection(SolutionConfigurationPlatforms) = preSolution
		Debug|Any CPU = Debug|Any CPU
		Release|Any CPU = Release|Any CPU
	EndGlobalSection
	GlobalSection(ProjectConfigurationPlatforms) = postSolution
		{34405DB8-E079-4374-A837-2465D2B4556E}.Debug|Any CPU.ActiveCfg = Debug|Any CPU
		{34405DB8-E079-4374-A837-2465D2B4556E}.Debug|Any CPU.Build.0 = Debug|Any CPU
		{34405DB8-E079-4374-A837-2465D2B4556E}.Release|Any CPU.ActiveCfg = Release|Any CPU
		{34405DB8-E079-4374-A837-2465D2B4556E}.Release|Any CPU.Build.0 = Release|Any CPU
		{3B612D47-58DC-444A-99DF-47BA04006496}.Debug|Any CPU.ActiveCfg = Debug|Any CPU
		{3B612D47-58DC-444A-99DF-47BA04006496}.Debug|Any CPU.Build.0 = Debug|Any CPU
		{3B612D47-58DC-444A-99DF-47BA04006496}.Release|Any CPU.ActiveCfg = Release|Any CPU
		{3B612D47-58DC-444A-99DF-47BA04006496}.Release|Any CPU.Build.0 = Release|Any CPU
	EndGlobalSection
	GlobalSection(SolutionProperties) = preSolution
		HideSolutionNode = FALSE
	EndGlobalSection
	GlobalSection(ExtensibilityGlobals) = postSolution
		SolutionGuid = {5B1260B0-CC2D-430F-B77C-DAB3BF1B891C}
	EndGlobalSection
EndGlobal
